
Microsoft Visual Studio Solution File, Format Version 12.00
# Visual Studio Version 17
VisualStudioVersion = 17.0.31903.59
MinimumVisualStudioVersion = 10.0.40219.1
Project("{2150E333-8FDC-42A3-9474-1A3956D46DE8}") = "src", "src", "{FC4D3441-E373-47BA-9E26-29EA79167CEB}"
EndProject
Project("{9A19103F-16F7-4668-BE54-9A1E7A4F7556}") = "AuctionService", "src\AuctionService\AuctionService.csproj", "{C5D152C8-6865-4958-A418-F8506FBAA936}"
	ProjectSection(ProjectDependencies) = postProject
		{56C0CAAC-2E14-42E7-BB81-1EB29579706E} = {56C0CAAC-2E14-42E7-BB81-1EB29579706E}
	EndProjectSection
EndProject
Project("{9A19103F-16F7-4668-BE54-9A1E7A4F7556}") = "SearchService", "src\SearchService\SearchService.csproj", "{540F2CCC-DD64-427C-98B5-448017F99EE8}"
	ProjectSection(ProjectDependencies) = postProject
		{56C0CAAC-2E14-42E7-BB81-1EB29579706E} = {56C0CAAC-2E14-42E7-BB81-1EB29579706E}
	EndProjectSection
EndProject
Project("{9A19103F-16F7-4668-BE54-9A1E7A4F7556}") = "Contracts", "Src\Contracts\Contracts.csproj", "{56C0CAAC-2E14-42E7-BB81-1EB29579706E}"
EndProject
Global
	GlobalSection(SolutionConfigurationPlatforms) = preSolution
		Debug|Any CPU = Debug|Any CPU
		Release|Any CPU = Release|Any CPU
	EndGlobalSection
	GlobalSection(ProjectConfigurationPlatforms) = postSolution
		{C5D152C8-6865-4958-A418-F8506FBAA936}.Debug|Any CPU.ActiveCfg = Debug|Any CPU
		{C5D152C8-6865-4958-A418-F8506FBAA936}.Debug|Any CPU.Build.0 = Debug|Any CPU
		{C5D152C8-6865-4958-A418-F8506FBAA936}.Release|Any CPU.ActiveCfg = Release|Any CPU
		{C5D152C8-6865-4958-A418-F8506FBAA936}.Release|Any CPU.Build.0 = Release|Any CPU
		{540F2CCC-DD64-427C-98B5-448017F99EE8}.Debug|Any CPU.ActiveCfg = Debug|Any CPU
		{540F2CCC-DD64-427C-98B5-448017F99EE8}.Debug|Any CPU.Build.0 = Debug|Any CPU
		{540F2CCC-DD64-427C-98B5-448017F99EE8}.Release|Any CPU.ActiveCfg = Release|Any CPU
		{540F2CCC-DD64-427C-98B5-448017F99EE8}.Release|Any CPU.Build.0 = Release|Any CPU
		{56C0CAAC-2E14-42E7-BB81-1EB29579706E}.Debug|Any CPU.ActiveCfg = Debug|Any CPU
		{56C0CAAC-2E14-42E7-BB81-1EB29579706E}.Debug|Any CPU.Build.0 = Debug|Any CPU
		{56C0CAAC-2E14-42E7-BB81-1EB29579706E}.Release|Any CPU.ActiveCfg = Release|Any CPU
		{56C0CAAC-2E14-42E7-BB81-1EB29579706E}.Release|Any CPU.Build.0 = Release|Any CPU
	EndGlobalSection
	GlobalSection(SolutionProperties) = preSolution
		HideSolutionNode = FALSE
	EndGlobalSection
	GlobalSection(NestedProjects) = preSolution
		{C5D152C8-6865-4958-A418-F8506FBAA936} = {FC4D3441-E373-47BA-9E26-29EA79167CEB}
		{540F2CCC-DD64-427C-98B5-448017F99EE8} = {FC4D3441-E373-47BA-9E26-29EA79167CEB}
		{56C0CAAC-2E14-42E7-BB81-1EB29579706E} = {FC4D3441-E373-47BA-9E26-29EA79167CEB}
	EndGlobalSection
	GlobalSection(ExtensibilityGlobals) = postSolution
		SolutionGuid = {72DD647D-3AFB-4AE2-949F-E2B2F1642AF9}
	EndGlobalSection
EndGlobal
